// !$*UTF8*$!
{
	archiveVersion = 1;
	classes = {
	};
	objectVersion = 46;
	objects = {

/* Begin PBXBuildFile section */
		CCCEBF831DC0DB400041E8E0 /* AppDelegate.swift in Sources */ = {isa = PBXBuildFile; fileRef = CCCEBF821DC0DB400041E8E0 /* AppDelegate.swift */; };
		CCCEBF851DC0DB400041E8E0 /* ViewController.swift in Sources */ = {isa = PBXBuildFile; fileRef = CCCEBF841DC0DB400041E8E0 /* ViewController.swift */; };
		CCCEBF881DC0DB400041E8E0 /* Main.storyboard in Resources */ = {isa = PBXBuildFile; fileRef = CCCEBF861DC0DB400041E8E0 /* Main.storyboard */; };
		CCCEBF8A1DC0DB400041E8E0 /* Assets.xcassets in Resources */ = {isa = PBXBuildFile; fileRef = CCCEBF891DC0DB400041E8E0 /* Assets.xcassets */; };
		CCCEBF8D1DC0DB400041E8E0 /* LaunchScreen.storyboard in Resources */ = {isa = PBXBuildFile; fileRef = CCCEBF8B1DC0DB400041E8E0 /* LaunchScreen.storyboard */; };
		CCCEBF981DC0DB410041E8E0 /* QRcodeTests.swift in Sources */ = {isa = PBXBuildFile; fileRef = CCCEBF971DC0DB410041E8E0 /* QRcodeTests.swift */; };
		CCCEBFA31DC0DB410041E8E0 /* QRcodeUITests.swift in Sources */ = {isa = PBXBuildFile; fileRef = CCCEBFA21DC0DB410041E8E0 /* QRcodeUITests.swift */; };
		CCCEBFB11DC0DB5D0041E8E0 /* QRcode.swift in Sources */ = {isa = PBXBuildFile; fileRef = CCCEBFB01DC0DB5D0041E8E0 /* QRcode.swift */; };
/* End PBXBuildFile section */

/* Begin PBXContainerItemProxy section */
		CCCEBF941DC0DB410041E8E0 /* PBXContainerItemProxy */ = {
			isa = PBXContainerItemProxy;
			containerPortal = CCCEBF771DC0DB400041E8E0 /* Project object */;
			proxyType = 1;
			remoteGlobalIDString = CCCEBF7E1DC0DB400041E8E0;
			remoteInfo = QRcode;
		};
		CCCEBF9F1DC0DB410041E8E0 /* PBXContainerItemProxy */ = {
			isa = PBXContainerItemProxy;
			containerPortal = CCCEBF771DC0DB400041E8E0 /* Project object */;
			proxyType = 1;
			remoteGlobalIDString = CCCEBF7E1DC0DB400041E8E0;
			remoteInfo = QRcode;
		};
/* End PBXContainerItemProxy section */

/* Begin PBXFileReference section */
		CCCEBF7F1DC0DB400041E8E0 /* QRcode.app */ = {isa = PBXFileReference; explicitFileType = wrapper.application; includeInIndex = 0; path = QRcode.app; sourceTree = BUILT_PRODUCTS_DIR; };
		CCCEBF821DC0DB400041E8E0 /* AppDelegate.swift */ = {isa = PBXFileReference; lastKnownFileType = sourcecode.swift; path = AppDelegate.swift; sourceTree = "<group>"; };
		CCCEBF841DC0DB400041E8E0 /* ViewController.swift */ = {isa = PBXFileReference; lastKnownFileType = sourcecode.swift; path = ViewController.swift; sourceTree = "<group>"; };
		CCCEBF871DC0DB400041E8E0 /* Base */ = {isa = PBXFileReference; lastKnownFileType = file.storyboard; name = Base; path = Base.lproj/Main.storyboard; sourceTree = "<group>"; };
		CCCEBF891DC0DB400041E8E0 /* Assets.xcassets */ = {isa = PBXFileReference; lastKnownFileType = folder.assetcatalog; path = Assets.xcassets; sourceTree = "<group>"; };
		CCCEBF8C1DC0DB400041E8E0 /* Base */ = {isa = PBXFileReference; lastKnownFileType = file.storyboard; name = Base; path = Base.lproj/LaunchScreen.storyboard; sourceTree = "<group>"; };
		CCCEBF8E1DC0DB400041E8E0 /* Info.plist */ = {isa = PBXFileReference; lastKnownFileType = text.plist.xml; path = Info.plist; sourceTree = "<group>"; };
		CCCEBF931DC0DB410041E8E0 /* QRcodeTests.xctest */ = {isa = PBXFileReference; explicitFileType = wrapper.cfbundle; includeInIndex = 0; path = QRcodeTests.xctest; sourceTree = BUILT_PRODUCTS_DIR; };
		CCCEBF971DC0DB410041E8E0 /* QRcodeTests.swift */ = {isa = PBXFileReference; lastKnownFileType = sourcecode.swift; path = QRcodeTests.swift; sourceTree = "<group>"; };
		CCCEBF991DC0DB410041E8E0 /* Info.plist */ = {isa = PBXFileReference; lastKnownFileType = text.plist.xml; path = Info.plist; sourceTree = "<group>"; };
		CCCEBF9E1DC0DB410041E8E0 /* QRcodeUITests.xctest */ = {isa = PBXFileReference; explicitFileType = wrapper.cfbundle; includeInIndex = 0; path = QRcodeUITests.xctest; sourceTree = BUILT_PRODUCTS_DIR; };
		CCCEBFA21DC0DB410041E8E0 /* QRcodeUITests.swift */ = {isa = PBXFileReference; lastKnownFileType = sourcecode.swift; path = QRcodeUITests.swift; sourceTree = "<group>"; };
		CCCEBFA41DC0DB410041E8E0 /* Info.plist */ = {isa = PBXFileReference; lastKnownFileType = text.plist.xml; path = Info.plist; sourceTree = "<group>"; };
		CCCEBFB01DC0DB5D0041E8E0 /* QRcode.swift */ = {isa = PBXFileReference; fileEncoding = 4; lastKnownFileType = sourcecode.swift; path = QRcode.swift; sourceTree = "<group>"; };
/* End PBXFileReference section */

/* Begin PBXFrameworksBuildPhase section */
		CCCEBF7C1DC0DB400041E8E0 /* Frameworks */ = {
			isa = PBXFrameworksBuildPhase;
			buildActionMask = 2147483647;
			files = (
			);
			runOnlyForDeploymentPostprocessing = 0;
		};
		CCCEBF901DC0DB410041E8E0 /* Frameworks */ = {
			isa = PBXFrameworksBuildPhase;
			buildActionMask = 2147483647;
			files = (
			);
			runOnlyForDeploymentPostprocessing = 0;
		};
		CCCEBF9B1DC0DB410041E8E0 /* Frameworks */ = {
			isa = PBXFrameworksBuildPhase;
			buildActionMask = 2147483647;
			files = (
			);
			runOnlyForDeploymentPostprocessing = 0;
		};
/* End PBXFrameworksBuildPhase section */

/* Begin PBXGroup section */
		CCCEBF761DC0DB400041E8E0 = {
			isa = PBXGroup;
			children = (
				CCCEBF811DC0DB400041E8E0 /* QRcode */,
				CCCEBF961DC0DB410041E8E0 /* QRcodeTests */,
				CCCEBFA11DC0DB410041E8E0 /* QRcodeUITests */,
				CCCEBF801DC0DB400041E8E0 /* Products */,
			);
			sourceTree = "<group>";
		};
		CCCEBF801DC0DB400041E8E0 /* Products */ = {
			isa = PBXGroup;
			children = (
				CCCEBF7F1DC0DB400041E8E0 /* QRcode.app */,
				CCCEBF931DC0DB410041E8E0 /* QRcodeTests.xctest */,
				CCCEBF9E1DC0DB410041E8E0 /* QRcodeUITests.xctest */,
			);
			name = Products;
			sourceTree = "<group>";
		};
		CCCEBF811DC0DB400041E8E0 /* QRcode */ = {
			isa = PBXGroup;
			children = (
				CCCEBF821DC0DB400041E8E0 /* AppDelegate.swift */,
				CCCEBF841DC0DB400041E8E0 /* ViewController.swift */,
				CCCEBFB01DC0DB5D0041E8E0 /* QRcode.swift */,
				CCCEBF861DC0DB400041E8E0 /* Main.storyboard */,
				CCCEBF891DC0DB400041E8E0 /* Assets.xcassets */,
				CCCEBF8B1DC0DB400041E8E0 /* LaunchScreen.storyboard */,
				CCCEBF8E1DC0DB400041E8E0 /* Info.plist */,
			);
			path = QRcode;
			sourceTree = "<group>";
		};
		CCCEBF961DC0DB410041E8E0 /* QRcodeTests */ = {
			isa = PBXGroup;
			children = (
				CCCEBF971DC0DB410041E8E0 /* QRcodeTests.swift */,
				CCCEBF991DC0DB410041E8E0 /* Info.plist */,
			);
			path = QRcodeTests;
			sourceTree = "<group>";
		};
		CCCEBFA11DC0DB410041E8E0 /* QRcodeUITests */ = {
			isa = PBXGroup;
			children = (
				CCCEBFA21DC0DB410041E8E0 /* QRcodeUITests.swift */,
				CCCEBFA41DC0DB410041E8E0 /* Info.plist */,
			);
			path = QRcodeUITests;
			sourceTree = "<group>";
		};
/* End PBXGroup section */

/* Begin PBXNativeTarget section */
		CCCEBF7E1DC0DB400041E8E0 /* QRcode */ = {
			isa = PBXNativeTarget;
			buildConfigurationList = CCCEBFA71DC0DB410041E8E0 /* Build configuration list for PBXNativeTarget "QRcode" */;
			buildPhases = (
				CCCEBF7B1DC0DB400041E8E0 /* Sources */,
				CCCEBF7C1DC0DB400041E8E0 /* Frameworks */,
				CCCEBF7D1DC0DB400041E8E0 /* Resources */,
			);
			buildRules = (
			);
			dependencies = (
			);
			name = QRcode;
			productName = QRcode;
			productReference = CCCEBF7F1DC0DB400041E8E0 /* QRcode.app */;
			productType = "com.apple.product-type.application";
		};
		CCCEBF921DC0DB410041E8E0 /* QRcodeTests */ = {
			isa = PBXNativeTarget;
			buildConfigurationList = CCCEBFAA1DC0DB410041E8E0 /* Build configuration list for PBXNativeTarget "QRcodeTests" */;
			buildPhases = (
				CCCEBF8F1DC0DB410041E8E0 /* Sources */,
				CCCEBF901DC0DB410041E8E0 /* Frameworks */,
				CCCEBF911DC0DB410041E8E0 /* Resources */,
			);
			buildRules = (
			);
			dependencies = (
				CCCEBF951DC0DB410041E8E0 /* PBXTargetDependency */,
			);
			name = QRcodeTests;
			productName = QRcodeTests;
			productReference = CCCEBF931DC0DB410041E8E0 /* QRcodeTests.xctest */;
			productType = "com.apple.product-type.bundle.unit-test";
		};
		CCCEBF9D1DC0DB410041E8E0 /* QRcodeUITests */ = {
			isa = PBXNativeTarget;
			buildConfigurationList = CCCEBFAD1DC0DB410041E8E0 /* Build configuration list for PBXNativeTarget "QRcodeUITests" */;
			buildPhases = (
				CCCEBF9A1DC0DB410041E8E0 /* Sources */,
				CCCEBF9B1DC0DB410041E8E0 /* Frameworks */,
				CCCEBF9C1DC0DB410041E8E0 /* Resources */,
			);
			buildRules = (
			);
			dependencies = (
				CCCEBFA01DC0DB410041E8E0 /* PBXTargetDependency */,
			);
			name = QRcodeUITests;
			productName = QRcodeUITests;
			productReference = CCCEBF9E1DC0DB410041E8E0 /* QRcodeUITests.xctest */;
			productType = "com.apple.product-type.bundle.ui-testing";
		};
/* End PBXNativeTarget section */

/* Begin PBXProject section */
		CCCEBF771DC0DB400041E8E0 /* Project object */ = {
			isa = PBXProject;
			attributes = {
				LastSwiftUpdateCheck = 0800;
				LastUpgradeCheck = 0800;
				ORGANIZATIONNAME = yadong.ye;
				TargetAttributes = {
					CCCEBF7E1DC0DB400041E8E0 = {
						CreatedOnToolsVersion = 8.0;
						ProvisioningStyle = Automatic;
					};
					CCCEBF921DC0DB410041E8E0 = {
						CreatedOnToolsVersion = 8.0;
						ProvisioningStyle = Automatic;
						TestTargetID = CCCEBF7E1DC0DB400041E8E0;
					};
					CCCEBF9D1DC0DB410041E8E0 = {
						CreatedOnToolsVersion = 8.0;
						ProvisioningStyle = Automatic;
						TestTargetID = CCCEBF7E1DC0DB400041E8E0;
					};
				};
			};
			buildConfigurationList = CCCEBF7A1DC0DB400041E8E0 /* Build configuration list for PBXProject "QRcode" */;
			compatibilityVersion = "Xcode 3.2";
			developmentRegion = English;
			hasScannedForEncodings = 0;
			knownRegions = (
				en,
				Base,
			);
			mainGroup = CCCEBF761DC0DB400041E8E0;
			productRefGroup = CCCEBF801DC0DB400041E8E0 /* Products */;
			projectDirPath = "";
			projectRoot = "";
			targets = (
				CCCEBF7E1DC0DB400041E8E0 /* QRcode */,
				CCCEBF921DC0DB410041E8E0 /* QRcodeTests */,
				CCCEBF9D1DC0DB410041E8E0 /* QRcodeUITests */,
			);
		};
/* End PBXProject section */

/* Begin PBXResourcesBuildPhase section */
		CCCEBF7D1DC0DB400041E8E0 /* Resources */ = {
			isa = PBXResourcesBuildPhase;
			buildActionMask = 2147483647;
			files = (
				CCCEBF8D1DC0DB400041E8E0 /* LaunchScreen.storyboard in Resources */,
				CCCEBF8A1DC0DB400041E8E0 /* Assets.xcassets in Resources */,
				CCCEBF881DC0DB400041E8E0 /* Main.storyboard in Resources */,
			);
			runOnlyForDeploymentPostprocessing = 0;
		};
		CCCEBF911DC0DB410041E8E0 /* Resources */ = {
			isa = PBXResourcesBuildPhase;
			buildActionMask = 2147483647;
			files = (
			);
			runOnlyForDeploymentPostprocessing = 0;
		};
		CCCEBF9C1DC0DB410041E8E0 /* Resources */ = {
			isa = PBXResourcesBuildPhase;
			buildActionMask = 2147483647;
			files = (
			);
			runOnlyForDeploymentPostprocessing = 0;
		};
/* End PBXResourcesBuildPhase section */

/* Begin PBXSourcesBuildPhase section */
		CCCEBF7B1DC0DB400041E8E0 /* Sources */ = {
			isa = PBXSourcesBuildPhase;
			buildActionMask = 2147483647;
			files = (
				CCCEBF851DC0DB400041E8E0 /* ViewController.swift in Sources */,
				CCCEBFB11DC0DB5D0041E8E0 /* QRcode.swift in Sources */,
				CCCEBF831DC0DB400041E8E0 /* AppDelegate.swift in Sources */,
			);
			runOnlyForDeploymentPostprocessing = 0;
		};
		CCCEBF8F1DC0DB410041E8E0 /* Sources */ = {
			isa = PBXSourcesBuildPhase;
			buildActionMask = 2147483647;
			files = (
				CCCEBF981DC0DB410041E8E0 /* QRcodeTests.swift in Sources */,
			);
			runOnlyForDeploymentPostprocessing = 0;
		};
		CCCEBF9A1DC0DB410041E8E0 /* Sources */ = {
			isa = PBXSourcesBuildPhase;
			buildActionMask = 2147483647;
			files = (
				CCCEBFA31DC0DB410041E8E0 /* QRcodeUITests.swift in Sources */,
			);
			runOnlyForDeploymentPostprocessing = 0;
		};
/* End PBXSourcesBuildPhase section */

/* Begin PBXTargetDependency section */
		CCCEBF951DC0DB410041E8E0 /* PBXTargetDependency */ = {
			isa = PBXTargetDependency;
			target = CCCEBF7E1DC0DB400041E8E0 /* QRcode */;
			targetProxy = CCCEBF941DC0DB410041E8E0 /* PBXContainerItemProxy */;
		};
		CCCEBFA01DC0DB410041E8E0 /* PBXTargetDependency */ = {
			isa = PBXTargetDependency;
			target = CCCEBF7E1DC0DB400041E8E0 /* QRcode */;
			targetProxy = CCCEBF9F1DC0DB410041E8E0 /* PBXContainerItemProxy */;
		};
/* End PBXTargetDependency section */

/* Begin PBXVariantGroup section */
		CCCEBF861DC0DB400041E8E0 /* Main.storyboard */ = {
			isa = PBXVariantGroup;
			children = (
				CCCEBF871DC0DB400041E8E0 /* Base */,
			);
			name = Main.storyboard;
			sourceTree = "<group>";
		};
		CCCEBF8B1DC0DB400041E8E0 /* LaunchScreen.storyboard */ = {
			isa = PBXVariantGroup;
			children = (
				CCCEBF8C1DC0DB400041E8E0 /* Base */,
			);
			name = LaunchScreen.storyboard;
			sourceTree = "<group>";
		};
/* End PBXVariantGroup section */

/* Begin XCBuildConfiguration section */
		CCCEBFA51DC0DB410041E8E0 /* Debug */ = {
			isa = XCBuildConfiguration;
			buildSettings = {
				ALWAYS_SEARCH_USER_PATHS = NO;
				CLANG_ANALYZER_NONNULL = YES;
				CLANG_CXX_LANGUAGE_STANDARD = "gnu++0x";
				CLANG_CXX_LIBRARY = "libc++";
				CLANG_ENABLE_MODULES = YES;
				CLANG_ENABLE_OBJC_ARC = YES;
				CLANG_WARN_BOOL_CONVERSION = YES;
				CLANG_WARN_CONSTANT_CONVERSION = YES;
				CLANG_WARN_DIRECT_OBJC_ISA_USAGE = YES_ERROR;
				CLANG_WARN_DOCUMENTATION_COMMENTS = YES;
				CLANG_WARN_EMPTY_BODY = YES;
				CLANG_WARN_ENUM_CONVERSION = YES;
				CLANG_WARN_INFINITE_RECURSION = YES;
				CLANG_WARN_INT_CONVERSION = YES;
				CLANG_WARN_OBJC_ROOT_CLASS = YES_ERROR;
				CLANG_WARN_SUSPICIOUS_MOVES = YES;
				CLANG_WARN_UNREACHABLE_CODE = YES;
				CLANG_WARN__DUPLICATE_METHOD_MATCH = YES;
				"CODE_SIGN_IDENTITY[sdk=iphoneos*]" = "iPhone Developer";
				COPY_PHASE_STRIP = NO;
				DEBUG_INFORMATION_FORMAT = dwarf;
				ENABLE_STRICT_OBJC_MSGSEND = YES;
				ENABLE_TESTABILITY = YES;
				GCC_C_LANGUAGE_STANDARD = gnu99;
				GCC_DYNAMIC_NO_PIC = NO;
				GCC_NO_COMMON_BLOCKS = YES;
				GCC_OPTIMIZATION_LEVEL = 0;
				GCC_PREPROCESSOR_DEFINITIONS = (
					"DEBUG=1",
					"$(inherited)",
				);
				GCC_WARN_64_TO_32_BIT_CONVERSION = YES;
				GCC_WARN_ABOUT_RETURN_TYPE = YES_ERROR;
				GCC_WARN_UNDECLARED_SELECTOR = YES;
				GCC_WARN_UNINITIALIZED_AUTOS = YES_AGGRESSIVE;
				GCC_WARN_UNUSED_FUNCTION = YES;
				GCC_WARN_UNUSED_VARIABLE = YES;
				IPHONEOS_DEPLOYMENT_TARGET = 10.0;
				MTL_ENABLE_DEBUG_INFO = YES;
				ONLY_ACTIVE_ARCH = YES;
				SDKROOT = iphoneos;
				SWIFT_ACTIVE_COMPILATION_CONDITIONS = DEBUG;
				SWIFT_OPTIMIZATION_LEVEL = "-Onone";
				TARGETED_DEVICE_FAMILY = "1,2";
			};
			name = Debug;
		};
		CCCEBFA61DC0DB410041E8E0 /* Release */ = {
			isa = XCBuildConfiguration;
			buildSettings = {
				ALWAYS_SEARCH_USER_PATHS = NO;
				CLANG_ANALYZER_NONNULL = YES;
				CLANG_CXX_LANGUAGE_STANDARD = "gnu++0x";
				CLANG_CXX_LIBRARY = "libc++";
				CLANG_ENABLE_MODULES = YES;
				CLANG_ENABLE_OBJC_ARC = YES;
				CLANG_WARN_BOOL_CONVERSION = YES;
				CLANG_WARN_CONSTANT_CONVERSION = YES;
				CLANG_WARN_DIRECT_OBJC_ISA_USAGE = YES_ERROR;
				CLANG_WARN_DOCUMENTATION_COMMENTS = YES;
				CLANG_WARN_EMPTY_BODY = YES;
				CLANG_WARN_ENUM_CONVERSION = YES;
				CLANG_WARN_INFINITE_RECURSION = YES;
				CLANG_WARN_INT_CONVERSION = YES;
				CLANG_WARN_OBJC_ROOT_CLASS = YES_ERROR;
				CLANG_WARN_SUSPICIOUS_MOVES = YES;
				CLANG_WARN_UNREACHABLE_CODE = YES;
				CLANG_WARN__DUPLICATE_METHOD_MATCH = YES;
				"CODE_SIGN_IDENTITY[sdk=iphoneos*]" = "iPhone Developer";
				COPY_PHASE_STRIP = NO;
				DEBUG_INFORMATION_FORMAT = "dwarf-with-dsym";
				ENABLE_NS_ASSERTIONS = NO;
				ENABLE_STRICT_OBJC_MSGSEND = YES;
				GCC_C_LANGUAGE_STANDARD = gnu99;
				GCC_NO_COMMON_BLOCKS = YES;
				GCC_WARN_64_TO_32_BIT_CONVERSION = YES;
				GCC_WARN_ABOUT_RETURN_TYPE = YES_ERROR;
				GCC_WARN_UNDECLARED_SELECTOR = YES;
				GCC_WARN_UNINITIALIZED_AUTOS = YES_AGGRESSIVE;
				GCC_WARN_UNUSED_FUNCTION = YES;
				GCC_WARN_UNUSED_VARIABLE = YES;
				IPHONEOS_DEPLOYMENT_TARGET = 10.0;
				MTL_ENABLE_DEBUG_INFO = NO;
				SDKROOT = iphoneos;
				SWIFT_OPTIMIZATION_LEVEL = "-Owholemodule";
				TARGETED_DEVICE_FAMILY = "1,2";
				VALIDATE_PRODUCT = YES;
			};
			name = Release;
		};
		CCCEBFA81DC0DB410041E8E0 /* Debug */ = {
			isa = XCBuildConfiguration;
			buildSettings = {
				ASSETCATALOG_COMPILER_APPICON_NAME = AppIcon;
				INFOPLIST_FILE = QRcode/Info.plist;
				LD_RUNPATH_SEARCH_PATHS = "$(inherited) @executable_path/Frameworks";
				PRODUCT_BUNDLE_IDENTIFIER = com.yadong.QRcode;
				PRODUCT_NAME = "$(TARGET_NAME)";
				SWIFT_VERSION = 3.0;
			};
			name = Debug;
		};
		CCCEBFA91DC0DB410041E8E0 /* Release */ = {
			isa = XCBuildConfiguration;
			buildSettings = {
				ASSETCATALOG_COMPILER_APPICON_NAME = AppIcon;
				INFOPLIST_FILE = QRcode/Info.plist;
				LD_RUNPATH_SEARCH_PATHS = "$(inherited) @executable_path/Frameworks";
				PRODUCT_BUNDLE_IDENTIFIER = com.yadong.QRcode;
				PRODUCT_NAME = "$(TARGET_NAME)";
				SWIFT_VERSION = 3.0;
			};
			name = Release;
		};
		CCCEBFAB1DC0DB410041E8E0 /* Debug */ = {
			isa = XCBuildConfiguration;
			buildSettings = {
				ALWAYS_EMBED_SWIFT_STANDARD_LIBRARIES = YES;
				BUNDLE_LOADER = "$(TEST_HOST)";
				INFOPLIST_FILE = QRcodeTests/Info.plist;
				LD_RUNPATH_SEARCH_PATHS = "$(inherited) @executable_path/Frameworks @loader_path/Frameworks";
				PRODUCT_BUNDLE_IDENTIFIER = com.yadong.QRcodeTests;
				PRODUCT_NAME = "$(TARGET_NAME)";
				SWIFT_VERSION = 3.0;
				TEST_HOST = "$(BUILT_PRODUCTS_DIR)/QRcode.app/QRcode";
			};
			name = Debug;
		};
		CCCEBFAC1DC0DB410041E8E0 /* Release */ = {
			isa = XCBuildConfiguration;
			buildSettings = {
				ALWAYS_EMBED_SWIFT_STANDARD_LIBRARIES = YES;
				BUNDLE_LOADER = "$(TEST_HOST)";
				INFOPLIST_FILE = QRcodeTests/Info.plist;
				LD_RUNPATH_SEARCH_PATHS = "$(inherited) @executable_path/Frameworks @loader_path/Frameworks";
				PRODUCT_BUNDLE_IDENTIFIER = com.yadong.QRcodeTests;
				PRODUCT_NAME = "$(TARGET_NAME)";
				SWIFT_VERSION = 3.0;
				TEST_HOST = "$(BUILT_PRODUCTS_DIR)/QRcode.app/QRcode";
			};
			name = Release;
		};
		CCCEBFAE1DC0DB410041E8E0 /* Debug */ = {
			isa = XCBuildConfiguration;
			buildSettings = {
				ALWAYS_EMBED_SWIFT_STANDARD_LIBRARIES = YES;
				INFOPLIST_FILE = QRcodeUITests/Info.plist;
				LD_RUNPATH_SEARCH_PATHS = "$(inherited) @executable_path/Frameworks @loader_path/Frameworks";
				PRODUCT_BUNDLE_IDENTIFIER = com.yadong.QRcodeUITests;
				PRODUCT_NAME = "$(TARGET_NAME)";
				SWIFT_VERSION = 3.0;
				TEST_TARGET_NAME = QRcode;
			};
			name = Debug;
		};
		CCCEBFAF1DC0DB410041E8E0 /* Release */ = {
			isa = XCBuildConfiguration;
			buildSettings = {
				ALWAYS_EMBED_SWIFT_STANDARD_LIBRARIES = YES;
				INFOPLIST_FILE = QRcodeUITests/Info.plist;
				LD_RUNPATH_SEARCH_PATHS = "$(inherited) @executable_path/Frameworks @loader_path/Frameworks";
				PRODUCT_BUNDLE_IDENTIFIER = com.yadong.QRcodeUITests;
				PRODUCT_NAME = "$(TARGET_NAME)";
				SWIFT_VERSION = 3.0;
				TEST_TARGET_NAME = QRcode;
			};
			name = Release;
		};
/* End XCBuildConfiguration section */

/* Begin XCConfigurationList section */
		CCCEBF7A1DC0DB400041E8E0 /* Build configuration list for PBXProject "QRcode" */ = {
			isa = XCConfigurationList;
			buildConfigurations = (
				CCCEBFA51DC0DB410041E8E0 /* Debug */,
				CCCEBFA61DC0DB410041E8E0 /* Release */,
			);
			defaultConfigurationIsVisible = 0;
			defaultConfigurationName = Release;
		};
		CCCEBFA71DC0DB410041E8E0 /* Build configuration list for PBXNativeTarget "QRcode" */ = {
			isa = XCConfigurationList;
			buildConfigurations = (
				CCCEBFA81DC0DB410041E8E0 /* Debug */,
				CCCEBFA91DC0DB410041E8E0 /* Release */,
			);
			defaultConfigurationIsVisible = 0;
		};
		CCCEBFAA1DC0DB410041E8E0 /* Build configuration list for PBXNativeTarget "QRcodeTests" */ = {
			isa = XCConfigurationList;
			buildConfigurations = (
				CCCEBFAB1DC0DB410041E8E0 /* Debug */,
				CCCEBFAC1DC0DB410041E8E0 /* Release */,
			);
			defaultConfigurationIsVisible = 0;
		};
		CCCEBFAD1DC0DB410041E8E0 /* Build configuration list for PBXNativeTarget "QRcodeUITests" */ = {
			isa = XCConfigurationList;
			buildConfigurations = (
				CCCEBFAE1DC0DB410041E8E0 /* Debug */,
				CCCEBFAF1DC0DB410041E8E0 /* Release */,
			);
			defaultConfigurationIsVisible = 0;
		};
/* End XCConfigurationList section */
	};
	rootObject = CCCEBF771DC0DB400041E8E0 /* Project object */;
}
